
Microsoft Visual Studio Solution File, Format Version 12.00
# Visual Studio 15
VisualStudioVersion = 15.0.28010.2036
MinimumVisualStudioVersion = 10.0.40219.1
Project("{FAE04EC0-301F-11D3-BF4B-00C04F79EFBC}") = "EFCoreTest", "EFCoreTest\EFCoreTest.csproj", "{0F9944F0-5BDF-4AA5-AAB0-D76CF12A74B8}"
EndProject
Global
	GlobalSection(SolutionConfigurationPlatforms) = preSolution
		Debug|Any CPU = Debug|Any CPU
		Release|Any CPU = Release|Any CPU
	EndGlobalSection
	GlobalSection(ProjectConfigurationPlatforms) = postSolution
		{0F9944F0-5BDF-4AA5-AAB0-D76CF12A74B8}.Debug|Any CPU.ActiveCfg = Debug|Any CPU
		{0F9944F0-5BDF-4AA5-AAB0-D76CF12A74B8}.Debug|Any CPU.Build.0 = Debug|Any CPU
		{0F9944F0-5BDF-4AA5-AAB0-D76CF12A74B8}.Release|Any CPU.ActiveCfg = Release|Any CPU
		{0F9944F0-5BDF-4AA5-AAB0-D76CF12A74B8}.Release|Any CPU.Build.0 = Release|Any CPU
	EndGlobalSection
	GlobalSection(SolutionProperties) = preSolution
		HideSolutionNode = FALSE
	EndGlobalSection
	GlobalSection(ExtensibilityGlobals) = postSolution
		SolutionGuid = {E33E6D9A-DF8B-48B9-BB37-F8690EDEB4E0}
	EndGlobalSection
EndGlobal
